
Microsoft Visual Studio Solution File, Format Version 12.00
# Visual Studio Version 16
VisualStudioVersion = 16.0.30204.135
MinimumVisualStudioVersion = 10.0.40219.1
Project("{8BC9CEB8-8B4A-11D0-8D11-00A0C91BC942}") = "ListDemo", "ListDemo.vcxproj", "{223017E7-7805-40D5-9D96-AABF572F57D1}"
EndProject
Project("{8BC9CEB8-8B4A-11D0-8D11-00A0C91BC942}") = "calendartest", "..\calendartest\calendartest.vcxproj", "{92CA644E-1C18-43A4-AF0B-68E3503FA6BC}"
EndProject
Project("{8BC9CEB8-8B4A-11D0-8D11-00A0C91BC942}") = "DuiLib", "..\DuiLib\DuiLib.vcxproj", "{E106ACD7-4E53-4AEE-942B-D0DD426DB34E}"
EndProject
Project("{8BC9CEB8-8B4A-11D0-8D11-00A0C91BC942}") = "HxCalendar", "..\HxCalendar\HxCalendar.vcxproj", "{30DB5FF2-DD66-4A08-A7E4-EAE05F252797}"
EndProject
Project("{8BC9CEB8-8B4A-11D0-8D11-00A0C91BC942}") = "SuperWindow", "..\SuperWindow\SuperWindow.vcxproj", "{6709C390-EE2F-4EA7-9F33-BDD58ECA865E}"
EndProject
Project("{8BC9CEB8-8B4A-11D0-8D11-00A0C91BC942}") = "HxTable", "..\HxTable\HxTable.vcxproj", "{E129BFFC-06E8-4980-B765-F89193971595}"
EndProject
Project("{8BC9CEB8-8B4A-11D0-8D11-00A0C91BC942}") = "CustomizeDlg", "..\CustomizeDlg\CustomizeDlg.vcxproj", "{1CB80986-5883-41C2-ADF6-1A2D97F0C036}"
EndProject
Global
	GlobalSection(SolutionConfigurationPlatforms) = preSolution
		Debug|Win32 = Debug|Win32
		Debug|x64 = Debug|x64
		DebugA|Win32 = DebugA|Win32
		DebugA|x64 = DebugA|x64
		Release|Win32 = Release|Win32
		Release|x64 = Release|x64
		ReleaseA|Win32 = ReleaseA|Win32
		ReleaseA|x64 = ReleaseA|x64
		SDebug|Win32 = SDebug|Win32
		SDebug|x64 = SDebug|x64
		SDebugA|Win32 = SDebugA|Win32
		SDebugA|x64 = SDebugA|x64
		SRelease|Win32 = SRelease|Win32
		SRelease|x64 = SRelease|x64
		SReleaseA|Win32 = SReleaseA|Win32
		SReleaseA|x64 = SReleaseA|x64
		UnicodeDebug|Win32 = UnicodeDebug|Win32
		UnicodeDebug|x64 = UnicodeDebug|x64
		UnicodeRelease|Win32 = UnicodeRelease|Win32
		UnicodeRelease|x64 = UnicodeRelease|x64
	EndGlobalSection
	GlobalSection(ProjectConfigurationPlatforms) = postSolution
		{223017E7-7805-40D5-9D96-AABF572F57D1}.Debug|Win32.ActiveCfg = Debug|Win32
		{223017E7-7805-40D5-9D96-AABF572F57D1}.Debug|Win32.Build.0 = Debug|Win32
		{223017E7-7805-40D5-9D96-AABF572F57D1}.Debug|x64.ActiveCfg = Debug|Win32
		{223017E7-7805-40D5-9D96-AABF572F57D1}.DebugA|Win32.ActiveCfg = Debug|Win32
		{223017E7-7805-40D5-9D96-AABF572F57D1}.DebugA|Win32.Build.0 = Debug|Win32
		{223017E7-7805-40D5-9D96-AABF572F57D1}.DebugA|x64.ActiveCfg = UnicodeRelease|Win32
		{223017E7-7805-40D5-9D96-AABF572F57D1}.DebugA|x64.Build.0 = UnicodeRelease|Win32
		{223017E7-7805-40D5-9D96-AABF572F57D1}.Release|Win32.ActiveCfg = Release|Win32
		{223017E7-7805-40D5-9D96-AABF572F57D1}.Release|Win32.Build.0 = Release|Win32
		{223017E7-7805-40D5-9D96-AABF572F57D1}.Release|x64.ActiveCfg = Release|Win32
		{223017E7-7805-40D5-9D96-AABF572F57D1}.ReleaseA|Win32.ActiveCfg = Release|Win32
		{223017E7-7805-40D5-9D96-AABF572F57D1}.ReleaseA|Win32.Build.0 = Release|Win32
		{223017E7-7805-40D5-9D96-AABF572F57D1}.ReleaseA|x64.ActiveCfg = UnicodeRelease|Win32
		{223017E7-7805-40D5-9D96-AABF572F57D1}.ReleaseA|x64.Build.0 = UnicodeRelease|Win32
		{223017E7-7805-40D5-9D96-AABF572F57D1}.SDebug|Win32.ActiveCfg = Debug|Win32
		{223017E7-7805-40D5-9D96-AABF572F57D1}.SDebug|Win32.Build.0 = Debug|Win32
		{223017E7-7805-40D5-9D96-AABF572F57D1}.SDebug|x64.ActiveCfg = UnicodeRelease|Win32
		{223017E7-7805-40D5-9D96-AABF572F57D1}.SDebug|x64.Build.0 = UnicodeRelease|Win32
		{223017E7-7805-40D5-9D96-AABF572F57D1}.SDebugA|Win32.ActiveCfg = Debug|Win32
		{223017E7-7805-40D5-9D96-AABF572F57D1}.SDebugA|Win32.Build.0 = Debug|Win32
		{223017E7-7805-40D5-9D96-AABF572F57D1}.SDebugA|x64.ActiveCfg = UnicodeRelease|Win32
		{223017E7-7805-40D5-9D96-AABF572F57D1}.SDebugA|x64.Build.0 = UnicodeRelease|Win32
		{223017E7-7805-40D5-9D96-AABF572F57D1}.SRelease|Win32.ActiveCfg = Release|Win32
		{223017E7-7805-40D5-9D96-AABF572F57D1}.SRelease|Win32.Build.0 = Release|Win32
		{223017E7-7805-40D5-9D96-AABF572F57D1}.SRelease|x64.ActiveCfg = UnicodeRelease|Win32
		{223017E7-7805-40D5-9D96-AABF572F57D1}.SRelease|x64.Build.0 = UnicodeRelease|Win32
		{223017E7-7805-40D5-9D96-AABF572F57D1}.SReleaseA|Win32.ActiveCfg = Release|Win32
		{223017E7-7805-40D5-9D96-AABF572F57D1}.SReleaseA|Win32.Build.0 = Release|Win32
		{223017E7-7805-40D5-9D96-AABF572F57D1}.SReleaseA|x64.ActiveCfg = UnicodeRelease|Win32
		{223017E7-7805-40D5-9D96-AABF572F57D1}.SReleaseA|x64.Build.0 = UnicodeRelease|Win32
		{223017E7-7805-40D5-9D96-AABF572F57D1}.UnicodeDebug|Win32.ActiveCfg = UnicodeDebug|Win32
		{223017E7-7805-40D5-9D96-AABF572F57D1}.UnicodeDebug|Win32.Build.0 = UnicodeDebug|Win32
		{223017E7-7805-40D5-9D96-AABF572F57D1}.UnicodeDebug|x64.ActiveCfg = UnicodeDebug|Win32
		{223017E7-7805-40D5-9D96-AABF572F57D1}.UnicodeRelease|Win32.ActiveCfg = UnicodeRelease|Win32
		{223017E7-7805-40D5-9D96-AABF572F57D1}.UnicodeRelease|Win32.Build.0 = UnicodeRelease|Win32
		{223017E7-7805-40D5-9D96-AABF572F57D1}.UnicodeRelease|x64.ActiveCfg = UnicodeRelease|Win32
		{92CA644E-1C18-43A4-AF0B-68E3503FA6BC}.Debug|Win32.ActiveCfg = Debug|Win32
		{92CA644E-1C18-43A4-AF0B-68E3503FA6BC}.Debug|Win32.Build.0 = Debug|Win32
		{92CA644E-1C18-43A4-AF0B-68E3503FA6BC}.Debug|x64.ActiveCfg = Debug|x64
		{92CA644E-1C18-43A4-AF0B-68E3503FA6BC}.Debug|x64.Build.0 = Debug|x64
		{92CA644E-1C18-43A4-AF0B-68E3503FA6BC}.DebugA|Win32.ActiveCfg = Debug|Win32
		{92CA644E-1C18-43A4-AF0B-68E3503FA6BC}.DebugA|Win32.Build.0 = Debug|Win32
		{92CA644E-1C18-43A4-AF0B-68E3503FA6BC}.DebugA|x64.ActiveCfg = Debug|x64
		{92CA644E-1C18-43A4-AF0B-68E3503FA6BC}.DebugA|x64.Build.0 = Debug|x64
		{92CA644E-1C18-43A4-AF0B-68E3503FA6BC}.Release|Win32.ActiveCfg = Release|Win32
		{92CA644E-1C18-43A4-AF0B-68E3503FA6BC}.Release|Win32.Build.0 = Release|Win32
		{92CA644E-1C18-43A4-AF0B-68E3503FA6BC}.Release|x64.ActiveCfg = Release|x64
		{92CA644E-1C18-43A4-AF0B-68E3503FA6BC}.Release|x64.Build.0 = Release|x64
		{92CA644E-1C18-43A4-AF0B-68E3503FA6BC}.ReleaseA|Win32.ActiveCfg = Release|Win32
		{92CA644E-1C18-43A4-AF0B-68E3503FA6BC}.ReleaseA|Win32.Build.0 = Release|Win32
		{92CA644E-1C18-43A4-AF0B-68E3503FA6BC}.ReleaseA|x64.ActiveCfg = Release|x64
		{92CA644E-1C18-43A4-AF0B-68E3503FA6BC}.ReleaseA|x64.Build.0 = Release|x64
		{92CA644E-1C18-43A4-AF0B-68E3503FA6BC}.SDebug|Win32.ActiveCfg = Debug|Win32
		{92CA644E-1C18-43A4-AF0B-68E3503FA6BC}.SDebug|Win32.Build.0 = Debug|Win32
		{92CA644E-1C18-43A4-AF0B-68E3503FA6BC}.SDebug|x64.ActiveCfg = Debug|x64
		{92CA644E-1C18-43A4-AF0B-68E3503FA6BC}.SDebug|x64.Build.0 = Debug|x64
		{92CA644E-1C18-43A4-AF0B-68E3503FA6BC}.SDebugA|Win32.ActiveCfg = Debug|Win32
		{92CA644E-1C18-43A4-AF0B-68E3503FA6BC}.SDebugA|Win32.Build.0 = Debug|Win32
		{92CA644E-1C18-43A4-AF0B-68E3503FA6BC}.SDebugA|x64.ActiveCfg = Debug|x64
		{92CA644E-1C18-43A4-AF0B-68E3503FA6BC}.SDebugA|x64.Build.0 = Debug|x64
		{92CA644E-1C18-43A4-AF0B-68E3503FA6BC}.SRelease|Win32.ActiveCfg = Release|Win32
		{92CA644E-1C18-43A4-AF0B-68E3503FA6BC}.SRelease|Win32.Build.0 = Release|Win32
		{92CA644E-1C18-43A4-AF0B-68E3503FA6BC}.SRelease|x64.ActiveCfg = Release|x64
		{92CA644E-1C18-43A4-AF0B-68E3503FA6BC}.SRelease|x64.Build.0 = Release|x64
		{92CA644E-1C18-43A4-AF0B-68E3503FA6BC}.SReleaseA|Win32.ActiveCfg = Release|Win32
		{92CA644E-1C18-43A4-AF0B-68E3503FA6BC}.SReleaseA|Win32.Build.0 = Release|Win32
		{92CA644E-1C18-43A4-AF0B-68E3503FA6BC}.SReleaseA|x64.ActiveCfg = Release|x64
		{92CA644E-1C18-43A4-AF0B-68E3503FA6BC}.SReleaseA|x64.Build.0 = Release|x64
		{92CA644E-1C18-43A4-AF0B-68E3503FA6BC}.UnicodeDebug|Win32.ActiveCfg = Debug|Win32
		{92CA644E-1C18-43A4-AF0B-68E3503FA6BC}.UnicodeDebug|Win32.Build.0 = Debug|Win32
		{92CA644E-1C18-43A4-AF0B-68E3503FA6BC}.UnicodeDebug|x64.ActiveCfg = Debug|x64
		{92CA644E-1C18-43A4-AF0B-68E3503FA6BC}.UnicodeDebug|x64.Build.0 = Debug|x64
		{92CA644E-1C18-43A4-AF0B-68E3503FA6BC}.UnicodeRelease|Win32.ActiveCfg = Release|Win32
		{92CA644E-1C18-43A4-AF0B-68E3503FA6BC}.UnicodeRelease|Win32.Build.0 = Release|Win32
		{92CA644E-1C18-43A4-AF0B-68E3503FA6BC}.UnicodeRelease|x64.ActiveCfg = Release|x64
		{92CA644E-1C18-43A4-AF0B-68E3503FA6BC}.UnicodeRelease|x64.Build.0 = Release|x64
		{E106ACD7-4E53-4AEE-942B-D0DD426DB34E}.Debug|Win32.ActiveCfg = Debug|Win32
		{E106ACD7-4E53-4AEE-942B-D0DD426DB34E}.Debug|Win32.Build.0 = Debug|Win32
		{E106ACD7-4E53-4AEE-942B-D0DD426DB34E}.Debug|x64.ActiveCfg = Debug|x64
		{E106ACD7-4E53-4AEE-942B-D0DD426DB34E}.Debug|x64.Build.0 = Debug|x64
		{E106ACD7-4E53-4AEE-942B-D0DD426DB34E}.DebugA|Win32.ActiveCfg = DebugA|Win32
		{E106ACD7-4E53-4AEE-942B-D0DD426DB34E}.DebugA|Win32.Build.0 = DebugA|Win32
		{E106ACD7-4E53-4AEE-942B-D0DD426DB34E}.DebugA|x64.ActiveCfg = DebugA|x64
		{E106ACD7-4E53-4AEE-942B-D0DD426DB34E}.DebugA|x64.Build.0 = DebugA|x64
		{E106ACD7-4E53-4AEE-942B-D0DD426DB34E}.Release|Win32.ActiveCfg = Release|Win32
		{E106ACD7-4E53-4AEE-942B-D0DD426DB34E}.Release|Win32.Build.0 = Release|Win32
		{E106ACD7-4E53-4AEE-942B-D0DD426DB34E}.Release|x64.ActiveCfg = Release|x64
		{E106ACD7-4E53-4AEE-942B-D0DD426DB34E}.Release|x64.Build.0 = Release|x64
		{E106ACD7-4E53-4AEE-942B-D0DD426DB34E}.ReleaseA|Win32.ActiveCfg = ReleaseA|Win32
		{E106ACD7-4E53-4AEE-942B-D0DD426DB34E}.ReleaseA|Win32.Build.0 = ReleaseA|Win32
		{E106ACD7-4E53-4AEE-942B-D0DD426DB34E}.ReleaseA|x64.ActiveCfg = ReleaseA|x64
		{E106ACD7-4E53-4AEE-942B-D0DD426DB34E}.ReleaseA|x64.Build.0 = ReleaseA|x64
		{E106ACD7-4E53-4AEE-942B-D0DD426DB34E}.SDebug|Win32.ActiveCfg = SDebug|Win32
		{E106ACD7-4E53-4AEE-942B-D0DD426DB34E}.SDebug|Win32.Build.0 = SDebug|Win32
		{E106ACD7-4E53-4AEE-942B-D0DD426DB34E}.SDebug|x64.ActiveCfg = SDebug|x64
		{E106ACD7-4E53-4AEE-942B-D0DD426DB34E}.SDebug|x64.Build.0 = SDebug|x64
		{E106ACD7-4E53-4AEE-942B-D0DD426DB34E}.SDebugA|Win32.ActiveCfg = SDebugA|Win32
		{E106ACD7-4E53-4AEE-942B-D0DD426DB34E}.SDebugA|Win32.Build.0 = SDebugA|Win32
		{E106ACD7-4E53-4AEE-942B-D0DD426DB34E}.SDebugA|x64.ActiveCfg = SDebugA|x64
		{E106ACD7-4E53-4AEE-942B-D0DD426DB34E}.SDebugA|x64.Build.0 = SDebugA|x64
		{E106ACD7-4E53-4AEE-942B-D0DD426DB34E}.SRelease|Win32.ActiveCfg = SRelease|Win32
		{E106ACD7-4E53-4AEE-942B-D0DD426DB34E}.SRelease|Win32.Build.0 = SRelease|Win32
		{E106ACD7-4E53-4AEE-942B-D0DD426DB34E}.SRelease|x64.ActiveCfg = SRelease|x64
		{E106ACD7-4E53-4AEE-942B-D0DD426DB34E}.SRelease|x64.Build.0 = SRelease|x64
		{E106ACD7-4E53-4AEE-942B-D0DD426DB34E}.SReleaseA|Win32.ActiveCfg = SReleaseA|Win32
		{E106ACD7-4E53-4AEE-942B-D0DD426DB34E}.SReleaseA|Win32.Build.0 = SReleaseA|Win32
		{E106ACD7-4E53-4AEE-942B-D0DD426DB34E}.SReleaseA|x64.ActiveCfg = SReleaseA|x64
		{E106ACD7-4E53-4AEE-942B-D0DD426DB34E}.SReleaseA|x64.Build.0 = SReleaseA|x64
		{E106ACD7-4E53-4AEE-942B-D0DD426DB34E}.UnicodeDebug|Win32.ActiveCfg = Debug|Win32
		{E106ACD7-4E53-4AEE-942B-D0DD426DB34E}.UnicodeDebug|Win32.Build.0 = Debug|Win32
		{E106ACD7-4E53-4AEE-942B-D0DD426DB34E}.UnicodeDebug|x64.ActiveCfg = Debug|x64
		{E106ACD7-4E53-4AEE-942B-D0DD426DB34E}.UnicodeDebug|x64.Build.0 = Debug|x64
		{E106ACD7-4E53-4AEE-942B-D0DD426DB34E}.UnicodeRelease|Win32.ActiveCfg = Release|Win32
		{E106ACD7-4E53-4AEE-942B-D0DD426DB34E}.UnicodeRelease|Win32.Build.0 = Release|Win32
		{E106ACD7-4E53-4AEE-942B-D0DD426DB34E}.UnicodeRelease|x64.ActiveCfg = Release|x64
		{E106ACD7-4E53-4AEE-942B-D0DD426DB34E}.UnicodeRelease|x64.Build.0 = Release|x64
		{30DB5FF2-DD66-4A08-A7E4-EAE05F252797}.Debug|Win32.ActiveCfg = Debug|Win32
		{30DB5FF2-DD66-4A08-A7E4-EAE05F252797}.Debug|Win32.Build.0 = Debug|Win32
		{30DB5FF2-DD66-4A08-A7E4-EAE05F252797}.Debug|x64.ActiveCfg = Debug|x64
		{30DB5FF2-DD66-4A08-A7E4-EAE05F252797}.Debug|x64.Build.0 = Debug|x64
		{30DB5FF2-DD66-4A08-A7E4-EAE05F252797}.DebugA|Win32.ActiveCfg = Debug|Win32
		{30DB5FF2-DD66-4A08-A7E4-EAE05F252797}.DebugA|Win32.Build.0 = Debug|Win32
		{30DB5FF2-DD66-4A08-A7E4-EAE05F252797}.DebugA|x64.ActiveCfg = Debug|x64
		{30DB5FF2-DD66-4A08-A7E4-EAE05F252797}.DebugA|x64.Build.0 = Debug|x64
		{30DB5FF2-DD66-4A08-A7E4-EAE05F252797}.Release|Win32.ActiveCfg = Release|Win32
		{30DB5FF2-DD66-4A08-A7E4-EAE05F252797}.Release|Win32.Build.0 = Release|Win32
		{30DB5FF2-DD66-4A08-A7E4-EAE05F252797}.Release|x64.ActiveCfg = Release|x64
		{30DB5FF2-DD66-4A08-A7E4-EAE05F252797}.Release|x64.Build.0 = Release|x64
		{30DB5FF2-DD66-4A08-A7E4-EAE05F252797}.ReleaseA|Win32.ActiveCfg = Release|Win32
		{30DB5FF2-DD66-4A08-A7E4-EAE05F252797}.ReleaseA|Win32.Build.0 = Release|Win32
		{30DB5FF2-DD66-4A08-A7E4-EAE05F252797}.ReleaseA|x64.ActiveCfg = Release|x64
		{30DB5FF2-DD66-4A08-A7E4-EAE05F252797}.ReleaseA|x64.Build.0 = Release|x64
		{30DB5FF2-DD66-4A08-A7E4-EAE05F252797}.SDebug|Win32.ActiveCfg = Debug|Win32
		{30DB5FF2-DD66-4A08-A7E4-EAE05F252797}.SDebug|Win32.Build.0 = Debug|Win32
		{30DB5FF2-DD66-4A08-A7E4-EAE05F252797}.SDebug|x64.ActiveCfg = Debug|x64
		{30DB5FF2-DD66-4A08-A7E4-EAE05F252797}.SDebug|x64.Build.0 = Debug|x64
		{30DB5FF2-DD66-4A08-A7E4-EAE05F252797}.SDebugA|Win32.ActiveCfg = Debug|Win32
		{30DB5FF2-DD66-4A08-A7E4-EAE05F252797}.SDebugA|Win32.Build.0 = Debug|Win32
		{30DB5FF2-DD66-4A08-A7E4-EAE05F252797}.SDebugA|x64.ActiveCfg = Debug|x64
		{30DB5FF2-DD66-4A08-A7E4-EAE05F252797}.SDebugA|x64.Build.0 = Debug|x64
		{30DB5FF2-DD66-4A08-A7E4-EAE05F252797}.SRelease|Win32.ActiveCfg = Release|Win32
		{30DB5FF2-DD66-4A08-A7E4-EAE05F252797}.SRelease|Win32.Build.0 = Release|Win32
		{30DB5FF2-DD66-4A08-A7E4-EAE05F252797}.SRelease|x64.ActiveCfg = Release|x64
		{30DB5FF2-DD66-4A08-A7E4-EAE05F252797}.SRelease|x64.Build.0 = Release|x64
		{30DB5FF2-DD66-4A08-A7E4-EAE05F252797}.SReleaseA|Win32.ActiveCfg = Release|Win32
		{30DB5FF2-DD66-4A08-A7E4-EAE05F252797}.SReleaseA|Win32.Build.0 = Release|Win32
		{30DB5FF2-DD66-4A08-A7E4-EAE05F252797}.SReleaseA|x64.ActiveCfg = Release|x64
		{30DB5FF2-DD66-4A08-A7E4-EAE05F252797}.SReleaseA|x64.Build.0 = Release|x64
		{30DB5FF2-DD66-4A08-A7E4-EAE05F252797}.UnicodeDebug|Win32.ActiveCfg = Debug|Win32
		{30DB5FF2-DD66-4A08-A7E4-EAE05F252797}.UnicodeDebug|Win32.Build.0 = Debug|Win32
		{30DB5FF2-DD66-4A08-A7E4-EAE05F252797}.UnicodeDebug|x64.ActiveCfg = Debug|x64
		{30DB5FF2-DD66-4A08-A7E4-EAE05F252797}.UnicodeDebug|x64.Build.0 = Debug|x64
		{30DB5FF2-DD66-4A08-A7E4-EAE05F252797}.UnicodeRelease|Win32.ActiveCfg = Release|Win32
		{30DB5FF2-DD66-4A08-A7E4-EAE05F252797}.UnicodeRelease|Win32.Build.0 = Release|Win32
		{30DB5FF2-DD66-4A08-A7E4-EAE05F252797}.UnicodeRelease|x64.ActiveCfg = Release|x64
		{30DB5FF2-DD66-4A08-A7E4-EAE05F252797}.UnicodeRelease|x64.Build.0 = Release|x64
		{6709C390-EE2F-4EA7-9F33-BDD58ECA865E}.Debug|Win32.ActiveCfg = Debug|Win32
		{6709C390-EE2F-4EA7-9F33-BDD58ECA865E}.Debug|Win32.Build.0 = Debug|Win32
		{6709C390-EE2F-4EA7-9F33-BDD58ECA865E}.Debug|x64.ActiveCfg = Debug|x64
		{6709C390-EE2F-4EA7-9F33-BDD58ECA865E}.Debug|x64.Build.0 = Debug|x64
		{6709C390-EE2F-4EA7-9F33-BDD58ECA865E}.DebugA|Win32.ActiveCfg = Debug|Win32
		{6709C390-EE2F-4EA7-9F33-BDD58ECA865E}.DebugA|Win32.Build.0 = Debug|Win32
		{6709C390-EE2F-4EA7-9F33-BDD58ECA865E}.DebugA|x64.ActiveCfg = Debug|x64
		{6709C390-EE2F-4EA7-9F33-BDD58ECA865E}.DebugA|x64.Build.0 = Debug|x64
		{6709C390-EE2F-4EA7-9F33-BDD58ECA865E}.Release|Win32.ActiveCfg = Release|Win32
		{6709C390-EE2F-4EA7-9F33-BDD58ECA865E}.Release|Win32.Build.0 = Release|Win32
		{6709C390-EE2F-4EA7-9F33-BDD58ECA865E}.Release|x64.ActiveCfg = Release|x64
		{6709C390-EE2F-4EA7-9F33-BDD58ECA865E}.Release|x64.Build.0 = Release|x64
		{6709C390-EE2F-4EA7-9F33-BDD58ECA865E}.ReleaseA|Win32.ActiveCfg = Release|Win32
		{6709C390-EE2F-4EA7-9F33-BDD58ECA865E}.ReleaseA|Win32.Build.0 = Release|Win32
		{6709C390-EE2F-4EA7-9F33-BDD58ECA865E}.ReleaseA|x64.ActiveCfg = Release|x64
		{6709C390-EE2F-4EA7-9F33-BDD58ECA865E}.ReleaseA|x64.Build.0 = Release|x64
		{6709C390-EE2F-4EA7-9F33-BDD58ECA865E}.SDebug|Win32.ActiveCfg = Debug|Win32
		{6709C390-EE2F-4EA7-9F33-BDD58ECA865E}.SDebug|Win32.Build.0 = Debug|Win32
		{6709C390-EE2F-4EA7-9F33-BDD58ECA865E}.SDebug|x64.ActiveCfg = Debug|x64
		{6709C390-EE2F-4EA7-9F33-BDD58ECA865E}.SDebug|x64.Build.0 = Debug|x64
		{6709C390-EE2F-4EA7-9F33-BDD58ECA865E}.SDebugA|Win32.ActiveCfg = Debug|Win32
		{6709C390-EE2F-4EA7-9F33-BDD58ECA865E}.SDebugA|Win32.Build.0 = Debug|Win32
		{6709C390-EE2F-4EA7-9F33-BDD58ECA865E}.SDebugA|x64.ActiveCfg = Debug|x64
		{6709C390-EE2F-4EA7-9F33-BDD58ECA865E}.SDebugA|x64.Build.0 = Debug|x64
		{6709C390-EE2F-4EA7-9F33-BDD58ECA865E}.SRelease|Win32.ActiveCfg = Release|Win32
		{6709C390-EE2F-4EA7-9F33-BDD58ECA865E}.SRelease|Win32.Build.0 = Release|Win32
		{6709C390-EE2F-4EA7-9F33-BDD58ECA865E}.SRelease|x64.ActiveCfg = Release|x64
		{6709C390-EE2F-4EA7-9F33-BDD58ECA865E}.SRelease|x64.Build.0 = Release|x64
		{6709C390-EE2F-4EA7-9F33-BDD58ECA865E}.SReleaseA|Win32.ActiveCfg = Release|Win32
		{6709C390-EE2F-4EA7-9F33-BDD58ECA865E}.SReleaseA|Win32.Build.0 = Release|Win32
		{6709C390-EE2F-4EA7-9F33-BDD58ECA865E}.SReleaseA|x64.ActiveCfg = Release|x64
		{6709C390-EE2F-4EA7-9F33-BDD58ECA865E}.SReleaseA|x64.Build.0 = Release|x64
		{6709C390-EE2F-4EA7-9F33-BDD58ECA865E}.UnicodeDebug|Win32.ActiveCfg = Debug|Win32
		{6709C390-EE2F-4EA7-9F33-BDD58ECA865E}.UnicodeDebug|Win32.Build.0 = Debug|Win32
		{6709C390-EE2F-4EA7-9F33-BDD58ECA865E}.UnicodeDebug|x64.ActiveCfg = Debug|x64
		{6709C390-EE2F-4EA7-9F33-BDD58ECA865E}.UnicodeDebug|x64.Build.0 = Debug|x64
		{6709C390-EE2F-4EA7-9F33-BDD58ECA865E}.UnicodeRelease|Win32.ActiveCfg = Release|Win32
		{6709C390-EE2F-4EA7-9F33-BDD58ECA865E}.UnicodeRelease|Win32.Build.0 = Release|Win32
		{6709C390-EE2F-4EA7-9F33-BDD58ECA865E}.UnicodeRelease|x64.ActiveCfg = Release|x64
		{6709C390-EE2F-4EA7-9F33-BDD58ECA865E}.UnicodeRelease|x64.Build.0 = Release|x64
		{E129BFFC-06E8-4980-B765-F89193971595}.Debug|Win32.ActiveCfg = Debug|Win32
		{E129BFFC-06E8-4980-B765-F89193971595}.Debug|Win32.Build.0 = Debug|Win32
		{E129BFFC-06E8-4980-B765-F89193971595}.Debug|x64.ActiveCfg = Debug|x64
		{E129BFFC-06E8-4980-B765-F89193971595}.Debug|x64.Build.0 = Debug|x64
		{E129BFFC-06E8-4980-B765-F89193971595}.DebugA|Win32.ActiveCfg = Debug|Win32
		{E129BFFC-06E8-4980-B765-F89193971595}.DebugA|Win32.Build.0 = Debug|Win32
		{E129BFFC-06E8-4980-B765-F89193971595}.DebugA|x64.ActiveCfg = Debug|x64
		{E129BFFC-06E8-4980-B765-F89193971595}.DebugA|x64.Build.0 = Debug|x64
		{E129BFFC-06E8-4980-B765-F89193971595}.Release|Win32.ActiveCfg = Release|Win32
		{E129BFFC-06E8-4980-B765-F89193971595}.Release|Win32.Build.0 = Release|Win32
		{E129BFFC-06E8-4980-B765-F89193971595}.Release|x64.ActiveCfg = Release|x64
		{E129BFFC-06E8-4980-B765-F89193971595}.Release|x64.Build.0 = Release|x64
		{E129BFFC-06E8-4980-B765-F89193971595}.ReleaseA|Win32.ActiveCfg = Release|Win32
		{E129BFFC-06E8-4980-B765-F89193971595}.ReleaseA|Win32.Build.0 = Release|Win32
		{E129BFFC-06E8-4980-B765-F89193971595}.ReleaseA|x64.ActiveCfg = Release|x64
		{E129BFFC-06E8-4980-B765-F89193971595}.ReleaseA|x64.Build.0 = Release|x64
		{E129BFFC-06E8-4980-B765-F89193971595}.SDebug|Win32.ActiveCfg = Debug|Win32
		{E129BFFC-06E8-4980-B765-F89193971595}.SDebug|Win32.Build.0 = Debug|Win32
		{E129BFFC-06E8-4980-B765-F89193971595}.SDebug|x64.ActiveCfg = Debug|x64
		{E129BFFC-06E8-4980-B765-F89193971595}.SDebug|x64.Build.0 = Debug|x64
		{E129BFFC-06E8-4980-B765-F89193971595}.SDebugA|Win32.ActiveCfg = Debug|Win32
		{E129BFFC-06E8-4980-B765-F89193971595}.SDebugA|Win32.Build.0 = Debug|Win32
		{E129BFFC-06E8-4980-B765-F89193971595}.SDebugA|x64.ActiveCfg = Debug|x64
		{E129BFFC-06E8-4980-B765-F89193971595}.SDebugA|x64.Build.0 = Debug|x64
		{E129BFFC-06E8-4980-B765-F89193971595}.SRelease|Win32.ActiveCfg = Release|Win32
		{E129BFFC-06E8-4980-B765-F89193971595}.SRelease|Win32.Build.0 = Release|Win32
		{E129BFFC-06E8-4980-B765-F89193971595}.SRelease|x64.ActiveCfg = Release|x64
		{E129BFFC-06E8-4980-B765-F89193971595}.SRelease|x64.Build.0 = Release|x64
		{E129BFFC-06E8-4980-B765-F89193971595}.SReleaseA|Win32.ActiveCfg = Release|Win32
		{E129BFFC-06E8-4980-B765-F89193971595}.SReleaseA|Win32.Build.0 = Release|Win32
		{E129BFFC-06E8-4980-B765-F89193971595}.SReleaseA|x64.ActiveCfg = Release|x64
		{E129BFFC-06E8-4980-B765-F89193971595}.SReleaseA|x64.Build.0 = Release|x64
		{E129BFFC-06E8-4980-B765-F89193971595}.UnicodeDebug|Win32.ActiveCfg = Debug|Win32
		{E129BFFC-06E8-4980-B765-F89193971595}.UnicodeDebug|Win32.Build.0 = Debug|Win32
		{E129BFFC-06E8-4980-B765-F89193971595}.UnicodeDebug|x64.ActiveCfg = Debug|x64
		{E129BFFC-06E8-4980-B765-F89193971595}.UnicodeDebug|x64.Build.0 = Debug|x64
		{E129BFFC-06E8-4980-B765-F89193971595}.UnicodeRelease|Win32.ActiveCfg = Release|Win32
		{E129BFFC-06E8-4980-B765-F89193971595}.UnicodeRelease|Win32.Build.0 = Release|Win32
		{E129BFFC-06E8-4980-B765-F89193971595}.UnicodeRelease|x64.ActiveCfg = Release|x64
		{E129BFFC-06E8-4980-B765-F89193971595}.UnicodeRelease|x64.Build.0 = Release|x64
		{1CB80986-5883-41C2-ADF6-1A2D97F0C036}.Debug|Win32.ActiveCfg = Debug|Win32
		{1CB80986-5883-41C2-ADF6-1A2D97F0C036}.Debug|Win32.Build.0 = Debug|Win32
		{1CB80986-5883-41C2-ADF6-1A2D97F0C036}.Debug|x64.ActiveCfg = Debug|x64
		{1CB80986-5883-41C2-ADF6-1A2D97F0C036}.Debug|x64.Build.0 = Debug|x64
		{1CB80986-5883-41C2-ADF6-1A2D97F0C036}.DebugA|Win32.ActiveCfg = Debug|Win32
		{1CB80986-5883-41C2-ADF6-1A2D97F0C036}.DebugA|Win32.Build.0 = Debug|Win32
		{1CB80986-5883-41C2-ADF6-1A2D97F0C036}.DebugA|x64.ActiveCfg = Debug|x64
		{1CB80986-5883-41C2-ADF6-1A2D97F0C036}.DebugA|x64.Build.0 = Debug|x64
		{1CB80986-5883-41C2-ADF6-1A2D97F0C036}.Release|Win32.ActiveCfg = Release|Win32
		{1CB80986-5883-41C2-ADF6-1A2D97F0C036}.Release|Win32.Build.0 = Release|Win32
		{1CB80986-5883-41C2-ADF6-1A2D97F0C036}.Release|x64.ActiveCfg = Release|x64
		{1CB80986-5883-41C2-ADF6-1A2D97F0C036}.Release|x64.Build.0 = Release|x64
		{1CB80986-5883-41C2-ADF6-1A2D97F0C036}.ReleaseA|Win32.ActiveCfg = Release|Win32
		{1CB80986-5883-41C2-ADF6-1A2D97F0C036}.ReleaseA|Win32.Build.0 = Release|Win32
		{1CB80986-5883-41C2-ADF6-1A2D97F0C036}.ReleaseA|x64.ActiveCfg = Release|x64
		{1CB80986-5883-41C2-ADF6-1A2D97F0C036}.ReleaseA|x64.Build.0 = Release|x64
		{1CB80986-5883-41C2-ADF6-1A2D97F0C036}.SDebug|Win32.ActiveCfg = Debug|Win32
		{1CB80986-5883-41C2-ADF6-1A2D97F0C036}.SDebug|Win32.Build.0 = Debug|Win32
		{1CB80986-5883-41C2-ADF6-1A2D97F0C036}.SDebug|x64.ActiveCfg = Debug|x64
		{1CB80986-5883-41C2-ADF6-1A2D97F0C036}.SDebug|x64.Build.0 = Debug|x64
		{1CB80986-5883-41C2-ADF6-1A2D97F0C036}.SDebugA|Win32.ActiveCfg = Debug|Win32
		{1CB80986-5883-41C2-ADF6-1A2D97F0C036}.SDebugA|Win32.Build.0 = Debug|Win32
		{1CB80986-5883-41C2-ADF6-1A2D97F0C036}.SDebugA|x64.ActiveCfg = Debug|x64
		{1CB80986-5883-41C2-ADF6-1A2D97F0C036}.SDebugA|x64.Build.0 = Debug|x64
		{1CB80986-5883-41C2-ADF6-1A2D97F0C036}.SRelease|Win32.ActiveCfg = Release|Win32
		{1CB80986-5883-41C2-ADF6-1A2D97F0C036}.SRelease|Win32.Build.0 = Release|Win32
		{1CB80986-5883-41C2-ADF6-1A2D97F0C036}.SRelease|x64.ActiveCfg = Release|x64
		{1CB80986-5883-41C2-ADF6-1A2D97F0C036}.SRelease|x64.Build.0 = Release|x64
		{1CB80986-5883-41C2-ADF6-1A2D97F0C036}.SReleaseA|Win32.ActiveCfg = Release|Win32
		{1CB80986-5883-41C2-ADF6-1A2D97F0C036}.SReleaseA|Win32.Build.0 = Release|Win32
		{1CB80986-5883-41C2-ADF6-1A2D97F0C036}.SReleaseA|x64.ActiveCfg = Release|x64
		{1CB80986-5883-41C2-ADF6-1A2D97F0C036}.SReleaseA|x64.Build.0 = Release|x64
		{1CB80986-5883-41C2-ADF6-1A2D97F0C036}.UnicodeDebug|Win32.ActiveCfg = Debug|Win32
		{1CB80986-5883-41C2-ADF6-1A2D97F0C036}.UnicodeDebug|Win32.Build.0 = Debug|Win32
		{1CB80986-5883-41C2-ADF6-1A2D97F0C036}.UnicodeDebug|x64.ActiveCfg = Debug|x64
		{1CB80986-5883-41C2-ADF6-1A2D97F0C036}.UnicodeDebug|x64.Build.0 = Debug|x64
		{1CB80986-5883-41C2-ADF6-1A2D97F0C036}.UnicodeRelease|Win32.ActiveCfg = Release|Win32
		{1CB80986-5883-41C2-ADF6-1A2D97F0C036}.UnicodeRelease|Win32.Build.0 = Release|Win32
		{1CB80986-5883-41C2-ADF6-1A2D97F0C036}.UnicodeRelease|x64.ActiveCfg = Release|x64
		{1CB80986-5883-41C2-ADF6-1A2D97F0C036}.UnicodeRelease|x64.Build.0 = Release|x64
	EndGlobalSection
	GlobalSection(SolutionProperties) = preSolution
		HideSolutionNode = FALSE
	EndGlobalSection
	GlobalSection(ExtensibilityGlobals) = postSolution
		SolutionGuid = {DE91161A-E43A-4813-909F-928494D61F14}
	EndGlobalSection
EndGlobal
